// !$*UTF8*$!
{
	archiveVersion = 1;
	classes = {
	};
	objectVersion = 48;
	objects = {

/* Begin PBXBuildFile section */
		DC57E31421809D5B00E9C2DC /* Item.swift in Sources */ = {isa = PBXBuildFile; fileRef = DC57E31321809D5B00E9C2DC /* Item.swift */; };
		DC57E3182180A29400E9C2DC /* Menu.swift in Sources */ = {isa = PBXBuildFile; fileRef = DC57E3172180A29400E9C2DC /* Menu.swift */; };
		DC57E31A2180AEEB00E9C2DC /* ItemTableViewCell.swift in Sources */ = {isa = PBXBuildFile; fileRef = DC57E3192180AEEB00E9C2DC /* ItemTableViewCell.swift */; };
		DC57E31C2180B25400E9C2DC /* ItemsTableViewController.swift in Sources */ = {isa = PBXBuildFile; fileRef = DC57E31B2180B25400E9C2DC /* ItemsTableViewController.swift */; };
		DC9A15C6217E05BC0024F2BA /* AppDelegate.swift in Sources */ = {isa = PBXBuildFile; fileRef = DC9A15C5217E05BC0024F2BA /* AppDelegate.swift */; };
		DC9A15C8217E05BC0024F2BA /* ViewController.swift in Sources */ = {isa = PBXBuildFile; fileRef = DC9A15C7217E05BC0024F2BA /* ViewController.swift */; };
		DC9A15CB217E05BC0024F2BA /* Main.storyboard in Resources */ = {isa = PBXBuildFile; fileRef = DC9A15C9217E05BC0024F2BA /* Main.storyboard */; };
		DC9A15CD217E05BC0024F2BA /* Assets.xcassets in Resources */ = {isa = PBXBuildFile; fileRef = DC9A15CC217E05BC0024F2BA /* Assets.xcassets */; };
		DC9A15D0217E05BC0024F2BA /* LaunchScreen.storyboard in Resources */ = {isa = PBXBuildFile; fileRef = DC9A15CE217E05BC0024F2BA /* LaunchScreen.storyboard */; };
		DC9A15D8218033D20024F2BA /* MenuViewController.swift in Sources */ = {isa = PBXBuildFile; fileRef = DC9A15D7218033D20024F2BA /* MenuViewController.swift */; };
/* End PBXBuildFile section */

/* Begin PBXFileReference section */
		DC57E31321809D5B00E9C2DC /* Item.swift */ = {isa = PBXFileReference; lastKnownFileType = sourcecode.swift; path = Item.swift; sourceTree = "<group>"; };
		DC57E3172180A29400E9C2DC /* Menu.swift */ = {isa = PBXFileReference; lastKnownFileType = sourcecode.swift; path = Menu.swift; sourceTree = "<group>"; };
		DC57E3192180AEEB00E9C2DC /* ItemTableViewCell.swift */ = {isa = PBXFileReference; lastKnownFileType = sourcecode.swift; path = ItemTableViewCell.swift; sourceTree = "<group>"; };
		DC57E31B2180B25400E9C2DC /* ItemsTableViewController.swift */ = {isa = PBXFileReference; lastKnownFileType = sourcecode.swift; path = ItemsTableViewController.swift; sourceTree = "<group>"; };
		DC9A15C2217E05BC0024F2BA /* threePageApp.app */ = {isa = PBXFileReference; explicitFileType = wrapper.application; includeInIndex = 0; path = threePageApp.app; sourceTree = BUILT_PRODUCTS_DIR; };
		DC9A15C5217E05BC0024F2BA /* AppDelegate.swift */ = {isa = PBXFileReference; lastKnownFileType = sourcecode.swift; path = AppDelegate.swift; sourceTree = "<group>"; };
		DC9A15C7217E05BC0024F2BA /* ViewController.swift */ = {isa = PBXFileReference; lastKnownFileType = sourcecode.swift; path = ViewController.swift; sourceTree = "<group>"; };
		DC9A15CA217E05BC0024F2BA /* Base */ = {isa = PBXFileReference; lastKnownFileType = file.storyboard; name = Base; path = Base.lproj/Main.storyboard; sourceTree = "<group>"; };
		DC9A15CC217E05BC0024F2BA /* Assets.xcassets */ = {isa = PBXFileReference; lastKnownFileType = folder.assetcatalog; path = Assets.xcassets; sourceTree = "<group>"; };
		DC9A15CF217E05BC0024F2BA /* Base */ = {isa = PBXFileReference; lastKnownFileType = file.storyboard; name = Base; path = Base.lproj/LaunchScreen.storyboard; sourceTree = "<group>"; };
		DC9A15D1217E05BC0024F2BA /* Info.plist */ = {isa = PBXFileReference; lastKnownFileType = text.plist.xml; path = Info.plist; sourceTree = "<group>"; };
		DC9A15D7218033D20024F2BA /* MenuViewController.swift */ = {isa = PBXFileReference; lastKnownFileType = sourcecode.swift; path = MenuViewController.swift; sourceTree = "<group>"; };
/* End PBXFileReference section */

/* Begin PBXFrameworksBuildPhase section */
		DC9A15BF217E05BC0024F2BA /* Frameworks */ = {
			isa = PBXFrameworksBuildPhase;
			buildActionMask = 2147483647;
			files = (
			);
			runOnlyForDeploymentPostprocessing = 0;
		};
/* End PBXFrameworksBuildPhase section */

/* Begin PBXGroup section */
		DC57E31521809D6B00E9C2DC /* Model */ = {
			isa = PBXGroup;
			children = (
				DC57E31321809D5B00E9C2DC /* Item.swift */,
				DC57E3172180A29400E9C2DC /* Menu.swift */,
			);
			path = Model;
			sourceTree = "<group>";
		};
		DC57E31621809D8600E9C2DC /* Controller */ = {
			isa = PBXGroup;
			children = (
				DC9A15C7217E05BC0024F2BA /* ViewController.swift */,
				DC9A15D7218033D20024F2BA /* MenuViewController.swift */,
				DC57E3192180AEEB00E9C2DC /* ItemTableViewCell.swift */,
				DC57E31B2180B25400E9C2DC /* ItemsTableViewController.swift */,
			);
			path = Controller;
			sourceTree = "<group>";
		};
		DC9A15B9217E05BC0024F2BA = {
			isa = PBXGroup;
			children = (
				DC9A15C4217E05BC0024F2BA /* threePageApp */,
				DC9A15C3217E05BC0024F2BA /* Products */,
			);
			sourceTree = "<group>";
		};
		DC9A15C3217E05BC0024F2BA /* Products */ = {
			isa = PBXGroup;
			children = (
				DC9A15C2217E05BC0024F2BA /* threePageApp.app */,
			);
			name = Products;
			sourceTree = "<group>";
		};
		DC9A15C4217E05BC0024F2BA /* threePageApp */ = {
			isa = PBXGroup;
			children = (
				DC9A15C5217E05BC0024F2BA /* AppDelegate.swift */,
				DC57E31621809D8600E9C2DC /* Controller */,
				DC9A15C9217E05BC0024F2BA /* Main.storyboard */,
				DC9A15CC217E05BC0024F2BA /* Assets.xcassets */,
				DC9A15CE217E05BC0024F2BA /* LaunchScreen.storyboard */,
				DC9A15D1217E05BC0024F2BA /* Info.plist */,
				DC57E31521809D6B00E9C2DC /* Model */,
			);
			path = threePageApp;
			sourceTree = "<group>";
		};
/* End PBXGroup section */

/* Begin PBXNativeTarget section */
		DC9A15C1217E05BC0024F2BA /* threePageApp */ = {
			isa = PBXNativeTarget;
			buildConfigurationList = DC9A15D4217E05BC0024F2BA /* Build configuration list for PBXNativeTarget "threePageApp" */;
			buildPhases = (
				DC9A15BE217E05BC0024F2BA /* Sources */,
				DC9A15BF217E05BC0024F2BA /* Frameworks */,
				DC9A15C0217E05BC0024F2BA /* Resources */,
			);
			buildRules = (
			);
			dependencies = (
			);
			name = threePageApp;
			productName = threePageApp;
			productReference = DC9A15C2217E05BC0024F2BA /* threePageApp.app */;
			productType = "com.apple.product-type.application";
		};
/* End PBXNativeTarget section */

/* Begin PBXProject section */
		DC9A15BA217E05BC0024F2BA /* Project object */ = {
			isa = PBXProject;
			attributes = {
				LastSwiftUpdateCheck = 0910;
				LastUpgradeCheck = 0910;
				ORGANIZATIONNAME = Marij;
				TargetAttributes = {
					DC9A15C1217E05BC0024F2BA = {
						CreatedOnToolsVersion = 9.1;
						ProvisioningStyle = Automatic;
					};
				};
			};
			buildConfigurationList = DC9A15BD217E05BC0024F2BA /* Build configuration list for PBXProject "threePageApp" */;
			compatibilityVersion = "Xcode 8.0";
			developmentRegion = en;
			hasScannedForEncodings = 0;
			knownRegions = (
				en,
				Base,
			);
			mainGroup = DC9A15B9217E05BC0024F2BA;
			productRefGroup = DC9A15C3217E05BC0024F2BA /* Products */;
			projectDirPath = "";
			projectRoot = "";
			targets = (
				DC9A15C1217E05BC0024F2BA /* threePageApp */,
			);
		};
/* End PBXProject section */

/* Begin PBXResourcesBuildPhase section */
		DC9A15C0217E05BC0024F2BA /* Resources */ = {
			isa = PBXResourcesBuildPhase;
			buildActionMask = 2147483647;
			files = (
				DC9A15D0217E05BC0024F2BA /* LaunchScreen.storyboard in Resources */,
				DC9A15CD217E05BC0024F2BA /* Assets.xcassets in Resources */,
				DC9A15CB217E05BC0024F2BA /* Main.storyboard in Resources */,
			);
			runOnlyForDeploymentPostprocessing = 0;
		};
/* End PBXResourcesBuildPhase section */

/* Begin PBXSourcesBuildPhase section */
		DC9A15BE217E05BC0024F2BA /* Sources */ = {
			isa = PBXSourcesBuildPhase;
			buildActionMask = 2147483647;
			files = (
				DC57E31421809D5B00E9C2DC /* Item.swift in Sources */,
				DC9A15C8217E05BC0024F2BA /* ViewController.swift in Sources */,
				DC9A15D8218033D20024F2BA /* MenuViewController.swift in Sources */,
				DC9A15C6217E05BC0024F2BA /* AppDelegate.swift in Sources */,
				DC57E31A2180AEEB00E9C2DC /* ItemTableViewCell.swift in Sources */,
				DC57E3182180A29400E9C2DC /* Menu.swift in Sources */,
				DC57E31C2180B25400E9C2DC /* ItemsTableViewController.swift in Sources */,
			);
			runOnlyForDeploymentPostprocessing = 0;
		};
/* End PBXSourcesBuildPhase section */

/* Begin PBXVariantGroup section */
		DC9A15C9217E05BC0024F2BA /* Main.storyboard */ = {
			isa = PBXVariantGroup;
			children = (
				DC9A15CA217E05BC0024F2BA /* Base */,
			);
			name = Main.storyboard;
			sourceTree = "<group>";
		};
		DC9A15CE217E05BC0024F2BA /* LaunchScreen.storyboard */ = {
			isa = PBXVariantGroup;
			children = (
				DC9A15CF217E05BC0024F2BA /* Base */,
			);
			name = LaunchScreen.storyboard;
			sourceTree = "<group>";
		};
/* End PBXVariantGroup section */

/* Begin XCBuildConfiguration section */
		DC9A15D2217E05BC0024F2BA /* Debug */ = {
			isa = XCBuildConfiguration;
			buildSettings = {
				ALWAYS_SEARCH_USER_PATHS = NO;
				CLANG_ANALYZER_NONNULL = YES;
				CLANG_ANALYZER_NUMBER_OBJECT_CONVERSION = YES_AGGRESSIVE;
				CLANG_CXX_LANGUAGE_STANDARD = "gnu++14";
				CLANG_CXX_LIBRARY = "libc++";
				CLANG_ENABLE_MODULES = YES;
				CLANG_ENABLE_OBJC_ARC = YES;
				CLANG_WARN_BLOCK_CAPTURE_AUTORELEASING = YES;
				CLANG_WARN_BOOL_CONVERSION = YES;
				CLANG_WARN_COMMA = YES;
				CLANG_WARN_CONSTANT_CONVERSION = YES;
				CLANG_WARN_DIRECT_OBJC_ISA_USAGE = YES_ERROR;
				CLANG_WARN_DOCUMENTATION_COMMENTS = YES;
				CLANG_WARN_EMPTY_BODY = YES;
				CLANG_WARN_ENUM_CONVERSION = YES;
				CLANG_WARN_INFINITE_RECURSION = YES;
				CLANG_WARN_INT_CONVERSION = YES;
				CLANG_WARN_NON_LITERAL_NULL_CONVERSION = YES;
				CLANG_WARN_OBJC_LITERAL_CONVERSION = YES;
				CLANG_WARN_OBJC_ROOT_CLASS = YES_ERROR;
				CLANG_WARN_RANGE_LOOP_ANALYSIS = YES;
				CLANG_WARN_STRICT_PROTOTYPES = YES;
				CLANG_WARN_SUSPICIOUS_MOVE = YES;
				CLANG_WARN_UNGUARDED_AVAILABILITY = YES_AGGRESSIVE;
				CLANG_WARN_UNREACHABLE_CODE = YES;
				CLANG_WARN__DUPLICATE_METHOD_MATCH = YES;
				CODE_SIGN_IDENTITY = "iPhone Developer";
				COPY_PHASE_STRIP = NO;
				DEBUG_INFORMATION_FORMAT = dwarf;
				ENABLE_STRICT_OBJC_MSGSEND = YES;
				ENABLE_TESTABILITY = YES;
				GCC_C_LANGUAGE_STANDARD = gnu11;
				GCC_DYNAMIC_NO_PIC = NO;
				GCC_NO_COMMON_BLOCKS = YES;
				GCC_OPTIMIZATION_LEVEL = 0;
				GCC_PREPROCESSOR_DEFINITIONS = (
					"DEBUG=1",
					"$(inherited)",
				);
				GCC_WARN_64_TO_32_BIT_CONVERSION = YES;
				GCC_WARN_ABOUT_RETURN_TYPE = YES_ERROR;
				GCC_WARN_UNDECLARED_SELECTOR = YES;
				GCC_WARN_UNINITIALIZED_AUTOS = YES_AGGRESSIVE;
				GCC_WARN_UNUSED_FUNCTION = YES;
				GCC_WARN_UNUSED_VARIABLE = YES;
				IPHONEOS_DEPLOYMENT_TARGET = 11.1;
				MTL_ENABLE_DEBUG_INFO = YES;
				ONLY_ACTIVE_ARCH = YES;
				SDKROOT = iphoneos;
				SWIFT_ACTIVE_COMPILATION_CONDITIONS = DEBUG;
				SWIFT_OPTIMIZATION_LEVEL = "-Onone";
			};
			name = Debug;
		};
		DC9A15D3217E05BC0024F2BA /* Release */ = {
			isa = XCBuildConfiguration;
			buildSettings = {
				ALWAYS_SEARCH_USER_PATHS = NO;
				CLANG_ANALYZER_NONNULL = YES;
				CLANG_ANALYZER_NUMBER_OBJECT_CONVERSION = YES_AGGRESSIVE;
				CLANG_CXX_LANGUAGE_STANDARD = "gnu++14";
				CLANG_CXX_LIBRARY = "libc++";
				CLANG_ENABLE_MODULES = YES;
				CLANG_ENABLE_OBJC_ARC = YES;
				CLANG_WARN_BLOCK_CAPTURE_AUTORELEASING = YES;
				CLANG_WARN_BOOL_CONVERSION = YES;
				CLANG_WARN_COMMA = YES;
				CLANG_WARN_CONSTANT_CONVERSION = YES;
				CLANG_WARN_DIRECT_OBJC_ISA_USAGE = YES_ERROR;
				CLANG_WARN_DOCUMENTATION_COMMENTS = YES;
				CLANG_WARN_EMPTY_BODY = YES;
				CLANG_WARN_ENUM_CONVERSION = YES;
				CLANG_WARN_INFINITE_RECURSION = YES;
				CLANG_WARN_INT_CONVERSION = YES;
				CLANG_WARN_NON_LITERAL_NULL_CONVERSION = YES;
				CLANG_WARN_OBJC_LITERAL_CONVERSION = YES;
				CLANG_WARN_OBJC_ROOT_CLASS = YES_ERROR;
				CLANG_WARN_RANGE_LOOP_ANALYSIS = YES;
				CLANG_WARN_STRICT_PROTOTYPES = YES;
				CLANG_WARN_SUSPICIOUS_MOVE = YES;
				CLANG_WARN_UNGUARDED_AVAILABILITY = YES_AGGRESSIVE;
				CLANG_WARN_UNREACHABLE_CODE = YES;
				CLANG_WARN__DUPLICATE_METHOD_MATCH = YES;
				CODE_SIGN_IDENTITY = "iPhone Developer";
				COPY_PHASE_STRIP = NO;
				DEBUG_INFORMATION_FORMAT = "dwarf-with-dsym";
				ENABLE_NS_ASSERTIONS = NO;
				ENABLE_STRICT_OBJC_MSGSEND = YES;
				GCC_C_LANGUAGE_STANDARD = gnu11;
				GCC_NO_COMMON_BLOCKS = YES;
				GCC_WARN_64_TO_32_BIT_CONVERSION = YES;
				GCC_WARN_ABOUT_RETURN_TYPE = YES_ERROR;
				GCC_WARN_UNDECLARED_SELECTOR = YES;
				GCC_WARN_UNINITIALIZED_AUTOS = YES_AGGRESSIVE;
				GCC_WARN_UNUSED_FUNCTION = YES;
				GCC_WARN_UNUSED_VARIABLE = YES;
				IPHONEOS_DEPLOYMENT_TARGET = 11.1;
				MTL_ENABLE_DEBUG_INFO = NO;
				SDKROOT = iphoneos;
				SWIFT_OPTIMIZATION_LEVEL = "-Owholemodule";
				VALIDATE_PRODUCT = YES;
			};
			name = Release;
		};
		DC9A15D5217E05BC0024F2BA /* Debug */ = {
			isa = XCBuildConfiguration;
			buildSettings = {
				ASSETCATALOG_COMPILER_APPICON_NAME = AppIcon;
				CODE_SIGN_STYLE = Automatic;
				DEVELOPMENT_TEAM = 9QB97P6AD9;
				INFOPLIST_FILE = threePageApp/Info.plist;
				LD_RUNPATH_SEARCH_PATHS = "$(inherited) @executable_path/Frameworks";
				PRODUCT_BUNDLE_IDENTIFIER = com.marijkhan.threePageApp;
				PRODUCT_NAME = "$(TARGET_NAME)";
				SWIFT_VERSION = 4.0;
				TARGETED_DEVICE_FAMILY = "1,2";
			};
			name = Debug;
		};
		DC9A15D6217E05BC0024F2BA /* Release */ = {
			isa = XCBuildConfiguration;
			buildSettings = {
				ASSETCATALOG_COMPILER_APPICON_NAME = AppIcon;
				CODE_SIGN_STYLE = Automatic;
				DEVELOPMENT_TEAM = 9QB97P6AD9;
				INFOPLIST_FILE = threePageApp/Info.plist;
				LD_RUNPATH_SEARCH_PATHS = "$(inherited) @executable_path/Frameworks";
				PRODUCT_BUNDLE_IDENTIFIER = com.marijkhan.threePageApp;
				PRODUCT_NAME = "$(TARGET_NAME)";
				SWIFT_VERSION = 4.0;
				TARGETED_DEVICE_FAMILY = "1,2";
			};
			name = Release;
		};
/* End XCBuildConfiguration section */

/* Begin XCConfigurationList section */
		DC9A15BD217E05BC0024F2BA /* Build configuration list for PBXProject "threePageApp" */ = {
			isa = XCConfigurationList;
			buildConfigurations = (
				DC9A15D2217E05BC0024F2BA /* Debug */,
				DC9A15D3217E05BC0024F2BA /* Release */,
			);
			defaultConfigurationIsVisible = 0;
			defaultConfigurationName = Release;
		};
		DC9A15D4217E05BC0024F2BA /* Build configuration list for PBXNativeTarget "threePageApp" */ = {
			isa = XCConfigurationList;
			buildConfigurations = (
				DC9A15D5217E05BC0024F2BA /* Debug */,
				DC9A15D6217E05BC0024F2BA /* Release */,
			);
			defaultConfigurationIsVisible = 0;
			defaultConfigurationName = Release;
		};
/* End XCConfigurationList section */
	};
	rootObject = DC9A15BA217E05BC0024F2BA /* Project object */;
}
